
Microsoft Visual Studio Solution File, Format Version 12.00
# Visual Studio Version 17
VisualStudioVersion = 17.1.32328.378
MinimumVisualStudioVersion = 10.0.40219.1
Project("{FAE04EC0-301F-11D3-BF4B-00C04F79EFBC}") = "UnitTestsLession", "UnitTestsLession\UnitTestsLession.csproj", "{411A3EEF-8BAC-4F43-B5D4-798661D34154}"
EndProject
Project("{FAE04EC0-301F-11D3-BF4B-00C04F79EFBC}") = "UnitTestsLession.Tests", "UnitTestsLession.Tests\UnitTestsLession.Tests.csproj", "{FD7B35C0-B840-4D3B-BB59-713C448D7599}"
EndProject
Global
	GlobalSection(SolutionConfigurationPlatforms) = preSolution
		Debug|Any CPU = Debug|Any CPU
		Release|Any CPU = Release|Any CPU
	EndGlobalSection
	GlobalSection(ProjectConfigurationPlatforms) = postSolution
		{411A3EEF-8BAC-4F43-B5D4-798661D34154}.Debug|Any CPU.ActiveCfg = Debug|Any CPU
		{411A3EEF-8BAC-4F43-B5D4-798661D34154}.Debug|Any CPU.Build.0 = Debug|Any CPU
		{411A3EEF-8BAC-4F43-B5D4-798661D34154}.Release|Any CPU.ActiveCfg = Release|Any CPU
		{411A3EEF-8BAC-4F43-B5D4-798661D34154}.Release|Any CPU.Build.0 = Release|Any CPU
		{FD7B35C0-B840-4D3B-BB59-713C448D7599}.Debug|Any CPU.ActiveCfg = Debug|Any CPU
		{FD7B35C0-B840-4D3B-BB59-713C448D7599}.Debug|Any CPU.Build.0 = Debug|Any CPU
		{FD7B35C0-B840-4D3B-BB59-713C448D7599}.Release|Any CPU.ActiveCfg = Release|Any CPU
		{FD7B35C0-B840-4D3B-BB59-713C448D7599}.Release|Any CPU.Build.0 = Release|Any CPU
	EndGlobalSection
	GlobalSection(SolutionProperties) = preSolution
		HideSolutionNode = FALSE
	EndGlobalSection
	GlobalSection(ExtensibilityGlobals) = postSolution
		SolutionGuid = {54E1C4CC-AFFB-4A7B-8D46-2AC1C949A6E2}
	EndGlobalSection
EndGlobal
